
Microsoft Visual Studio Solution File, Format Version 12.00
# Visual Studio Version 17
VisualStudioVersion = 17.9.34902.65
MinimumVisualStudioVersion = 10.0.40219.1
Project("{FAE04EC0-301F-11D3-BF4B-00C04F79EFBC}") = "WebApiAssignment1", "WebApiAssignment1.csproj", "{1C8A1489-913F-4453-8E89-77FBF430E2EE}"
EndProject
Global
	GlobalSection(SolutionConfigurationPlatforms) = preSolution
		Debug|Any CPU = Debug|Any CPU
		Release|Any CPU = Release|Any CPU
	EndGlobalSection
	GlobalSection(ProjectConfigurationPlatforms) = postSolution
		{1C8A1489-913F-4453-8E89-77FBF430E2EE}.Debug|Any CPU.ActiveCfg = Debug|Any CPU
		{1C8A1489-913F-4453-8E89-77FBF430E2EE}.Debug|Any CPU.Build.0 = Debug|Any CPU
		{1C8A1489-913F-4453-8E89-77FBF430E2EE}.Release|Any CPU.ActiveCfg = Release|Any CPU
		{1C8A1489-913F-4453-8E89-77FBF430E2EE}.Release|Any CPU.Build.0 = Release|Any CPU
	EndGlobalSection
	GlobalSection(SolutionProperties) = preSolution
		HideSolutionNode = FALSE
	EndGlobalSection
	GlobalSection(ExtensibilityGlobals) = postSolution
		SolutionGuid = {EE615E2D-D68F-431E-B59D-C3FB33E4FDAA}
	EndGlobalSection
EndGlobal
